
Microsoft Visual Studio Solution File, Format Version 12.00
# Visual Studio Version 17
VisualStudioVersion = 17.9.34728.123
MinimumVisualStudioVersion = 10.0.40219.1
Project("{FAE04EC0-301F-11D3-BF4B-00C04F79EFBC}") = "CrudDapper", "CrudDapper\CrudDapper.csproj", "{69945BF9-95DB-4CBF-B76A-85C69D9497BB}"
EndProject
Global
	GlobalSection(SolutionConfigurationPlatforms) = preSolution
		Debug|Any CPU = Debug|Any CPU
		Release|Any CPU = Release|Any CPU
	EndGlobalSection
	GlobalSection(ProjectConfigurationPlatforms) = postSolution
		{69945BF9-95DB-4CBF-B76A-85C69D9497BB}.Debug|Any CPU.ActiveCfg = Debug|Any CPU
		{69945BF9-95DB-4CBF-B76A-85C69D9497BB}.Debug|Any CPU.Build.0 = Debug|Any CPU
		{69945BF9-95DB-4CBF-B76A-85C69D9497BB}.Release|Any CPU.ActiveCfg = Release|Any CPU
		{69945BF9-95DB-4CBF-B76A-85C69D9497BB}.Release|Any CPU.Build.0 = Release|Any CPU
	EndGlobalSection
	GlobalSection(SolutionProperties) = preSolution
		HideSolutionNode = FALSE
	EndGlobalSection
	GlobalSection(ExtensibilityGlobals) = postSolution
		SolutionGuid = {21FA6830-C5BE-4084-8197-6DA88B2FE1A7}
	EndGlobalSection
EndGlobal
